
Microsoft Visual Studio Solution File, Format Version 12.00
# Visual Studio Version 17
VisualStudioVersion = 17.5.2.0
MinimumVisualStudioVersion = 10.0.40219.1
Project("{FAE04EC0-301F-11D3-BF4B-00C04F79EFBC}") = "Vessel3.Server", "Vessel3.Server\Vessel3.Server.csproj", "{90C4E8FA-6E38-7FFA-022C-EDDD21DA552B}"
EndProject
Project("{FAE04EC0-301F-11D3-BF4B-00C04F79EFBC}") = "Vessel3.RealClient", "Vessel3.RealClient\Vessel3.RealClient.csproj", "{6DD4005E-F6A1-4BAF-DBC4-F00CE65E2BCF}"
EndProject
Project("{FAE04EC0-301F-11D3-BF4B-00C04F79EFBC}") = "Vessel3.Bench", "Vessel3.Bench\Vessel3.Bench.csproj", "{CD5293AA-198F-4F71-B304-E346D06D2177}"
EndProject
Project("{FAE04EC0-301F-11D3-BF4B-00C04F79EFBC}") = "Vessel3.Tests", "Vessel3.Tests\Vessel3.Tests.csproj", "{5ECB38EF-9786-480D-9017-FE67EEC10634}"
EndProject
Project("{FAE04EC0-301F-11D3-BF4B-00C04F79EFBC}") = "Vessel3.UI", "Vessel3.UI\Vessel3.UI.csproj", "{13F21B43-8A62-4EF0-9DE9-B0CA8C099EDE}"
EndProject
Global
	GlobalSection(SolutionConfigurationPlatforms) = preSolution
		Debug|Any CPU = Debug|Any CPU
		Debug|x64 = Debug|x64
		Debug|x86 = Debug|x86
		Release|Any CPU = Release|Any CPU
		Release|x64 = Release|x64
		Release|x86 = Release|x86
	EndGlobalSection
	GlobalSection(ProjectConfigurationPlatforms) = postSolution
		{90C4E8FA-6E38-7FFA-022C-EDDD21DA552B}.Debug|Any CPU.ActiveCfg = Debug|Any CPU
		{90C4E8FA-6E38-7FFA-022C-EDDD21DA552B}.Debug|Any CPU.Build.0 = Debug|Any CPU
		{90C4E8FA-6E38-7FFA-022C-EDDD21DA552B}.Debug|x64.ActiveCfg = Debug|Any CPU
		{90C4E8FA-6E38-7FFA-022C-EDDD21DA552B}.Debug|x64.Build.0 = Debug|Any CPU
		{90C4E8FA-6E38-7FFA-022C-EDDD21DA552B}.Debug|x86.ActiveCfg = Debug|Any CPU
		{90C4E8FA-6E38-7FFA-022C-EDDD21DA552B}.Debug|x86.Build.0 = Debug|Any CPU
		{90C4E8FA-6E38-7FFA-022C-EDDD21DA552B}.Release|Any CPU.ActiveCfg = Release|Any CPU
		{90C4E8FA-6E38-7FFA-022C-EDDD21DA552B}.Release|Any CPU.Build.0 = Release|Any CPU
		{90C4E8FA-6E38-7FFA-022C-EDDD21DA552B}.Release|x64.ActiveCfg = Release|Any CPU
		{90C4E8FA-6E38-7FFA-022C-EDDD21DA552B}.Release|x64.Build.0 = Release|Any CPU
		{90C4E8FA-6E38-7FFA-022C-EDDD21DA552B}.Release|x86.ActiveCfg = Release|Any CPU
		{90C4E8FA-6E38-7FFA-022C-EDDD21DA552B}.Release|x86.Build.0 = Release|Any CPU
		{6DD4005E-F6A1-4BAF-DBC4-F00CE65E2BCF}.Debug|Any CPU.ActiveCfg = Debug|Any CPU
		{6DD4005E-F6A1-4BAF-DBC4-F00CE65E2BCF}.Debug|Any CPU.Build.0 = Debug|Any CPU
		{6DD4005E-F6A1-4BAF-DBC4-F00CE65E2BCF}.Debug|x64.ActiveCfg = Debug|Any CPU
		{6DD4005E-F6A1-4BAF-DBC4-F00CE65E2BCF}.Debug|x64.Build.0 = Debug|Any CPU
		{6DD4005E-F6A1-4BAF-DBC4-F00CE65E2BCF}.Debug|x86.ActiveCfg = Debug|Any CPU
		{6DD4005E-F6A1-4BAF-DBC4-F00CE65E2BCF}.Debug|x86.Build.0 = Debug|Any CPU
		{6DD4005E-F6A1-4BAF-DBC4-F00CE65E2BCF}.Release|Any CPU.ActiveCfg = Release|Any CPU
		{6DD4005E-F6A1-4BAF-DBC4-F00CE65E2BCF}.Release|Any CPU.Build.0 = Release|Any CPU
		{6DD4005E-F6A1-4BAF-DBC4-F00CE65E2BCF}.Release|x64.ActiveCfg = Release|Any CPU
		{6DD4005E-F6A1-4BAF-DBC4-F00CE65E2BCF}.Release|x64.Build.0 = Release|Any CPU
		{6DD4005E-F6A1-4BAF-DBC4-F00CE65E2BCF}.Release|x86.ActiveCfg = Release|Any CPU
		{6DD4005E-F6A1-4BAF-DBC4-F00CE65E2BCF}.Release|x86.Build.0 = Release|Any CPU
		{CD5293AA-198F-4F71-B304-E346D06D2177}.Debug|Any CPU.ActiveCfg = Debug|Any CPU
		{CD5293AA-198F-4F71-B304-E346D06D2177}.Debug|Any CPU.Build.0 = Debug|Any CPU
		{CD5293AA-198F-4F71-B304-E346D06D2177}.Debug|x64.ActiveCfg = Debug|Any CPU
		{CD5293AA-198F-4F71-B304-E346D06D2177}.Debug|x64.Build.0 = Debug|Any CPU
		{CD5293AA-198F-4F71-B304-E346D06D2177}.Debug|x86.ActiveCfg = Debug|Any CPU
		{CD5293AA-198F-4F71-B304-E346D06D2177}.Debug|x86.Build.0 = Debug|Any CPU
		{CD5293AA-198F-4F71-B304-E346D06D2177}.Release|Any CPU.ActiveCfg = Release|Any CPU
		{CD5293AA-198F-4F71-B304-E346D06D2177}.Release|Any CPU.Build.0 = Release|Any CPU
		{CD5293AA-198F-4F71-B304-E346D06D2177}.Release|x64.ActiveCfg = Release|Any CPU
		{CD5293AA-198F-4F71-B304-E346D06D2177}.Release|x64.Build.0 = Release|Any CPU
		{CD5293AA-198F-4F71-B304-E346D06D2177}.Release|x86.ActiveCfg = Release|Any CPU
		{CD5293AA-198F-4F71-B304-E346D06D2177}.Release|x86.Build.0 = Release|Any CPU
		{5ECB38EF-9786-480D-9017-FE67EEC10634}.Debug|Any CPU.ActiveCfg = Debug|Any CPU
		{5ECB38EF-9786-480D-9017-FE67EEC10634}.Debug|Any CPU.Build.0 = Debug|Any CPU
		{5ECB38EF-9786-480D-9017-FE67EEC10634}.Debug|x64.ActiveCfg = Debug|Any CPU
		{5ECB38EF-9786-480D-9017-FE67EEC10634}.Debug|x64.Build.0 = Debug|Any CPU
		{5ECB38EF-9786-480D-9017-FE67EEC10634}.Debug|x86.ActiveCfg = Debug|Any CPU
		{5ECB38EF-9786-480D-9017-FE67EEC10634}.Debug|x86.Build.0 = Debug|Any CPU
		{5ECB38EF-9786-480D-9017-FE67EEC10634}.Release|Any CPU.ActiveCfg = Release|Any CPU
		{5ECB38EF-9786-480D-9017-FE67EEC10634}.Release|Any CPU.Build.0 = Release|Any CPU
		{5ECB38EF-9786-480D-9017-FE67EEC10634}.Release|x64.ActiveCfg = Release|Any CPU
		{5ECB38EF-9786-480D-9017-FE67EEC10634}.Release|x64.Build.0 = Release|Any CPU
		{5ECB38EF-9786-480D-9017-FE67EEC10634}.Release|x86.ActiveCfg = Release|Any CPU
		{5ECB38EF-9786-480D-9017-FE67EEC10634}.Release|x86.Build.0 = Release|Any CPU
		{13F21B43-8A62-4EF0-9DE9-B0CA8C099EDE}.Debug|Any CPU.ActiveCfg = Debug|Any CPU
		{13F21B43-8A62-4EF0-9DE9-B0CA8C099EDE}.Debug|Any CPU.Build.0 = Debug|Any CPU
		{13F21B43-8A62-4EF0-9DE9-B0CA8C099EDE}.Debug|x64.ActiveCfg = Debug|Any CPU
		{13F21B43-8A62-4EF0-9DE9-B0CA8C099EDE}.Debug|x64.Build.0 = Debug|Any CPU
		{13F21B43-8A62-4EF0-9DE9-B0CA8C099EDE}.Debug|x86.ActiveCfg = Debug|Any CPU
		{13F21B43-8A62-4EF0-9DE9-B0CA8C099EDE}.Debug|x86.Build.0 = Debug|Any CPU
		{13F21B43-8A62-4EF0-9DE9-B0CA8C099EDE}.Release|Any CPU.ActiveCfg = Release|Any CPU
		{13F21B43-8A62-4EF0-9DE9-B0CA8C099EDE}.Release|Any CPU.Build.0 = Release|Any CPU
		{13F21B43-8A62-4EF0-9DE9-B0CA8C099EDE}.Release|x64.ActiveCfg = Release|Any CPU
		{13F21B43-8A62-4EF0-9DE9-B0CA8C099EDE}.Release|x64.Build.0 = Release|Any CPU
		{13F21B43-8A62-4EF0-9DE9-B0CA8C099EDE}.Release|x86.ActiveCfg = Release|Any CPU
		{13F21B43-8A62-4EF0-9DE9-B0CA8C099EDE}.Release|x86.Build.0 = Release|Any CPU
	EndGlobalSection
	GlobalSection(SolutionProperties) = preSolution
		HideSolutionNode = FALSE
	EndGlobalSection
	GlobalSection(ExtensibilityGlobals) = postSolution
		SolutionGuid = {ACE1D45D-A2BF-4F68-ABCF-1E7276D09434}
	EndGlobalSection
EndGlobal
